
Microsoft Visual Studio Solution File, Format Version 12.00
# Visual Studio Version 16
VisualStudioVersion = 16.0.31515.178
MinimumVisualStudioVersion = 10.0.40219.1
Project("{9A19103F-16F7-4668-BE54-9A1E7A4F7556}") = "Business", "Business\Business.csproj", "{CE16C2D0-2D47-470D-B803-1C267A42352B}"
EndProject
Project("{9A19103F-16F7-4668-BE54-9A1E7A4F7556}") = "DataAccess", "DataAccess\DataAccess.csproj", "{4DD8E605-0F1D-45E6-A3D7-40528FCB29D1}"
EndProject
Project("{9A19103F-16F7-4668-BE54-9A1E7A4F7556}") = "Entities", "Entities\Entities.csproj", "{4A2F0AFE-B91A-4A66-84C5-B5F1274B0BC1}"
EndProject
Project("{9A19103F-16F7-4668-BE54-9A1E7A4F7556}") = "ConsoleUI", "ConsoleUI\ConsoleUI.csproj", "{A6B16C72-DE10-4A87-91A4-C87E6E950AC0}"
EndProject
Project("{FAE04EC0-301F-11D3-BF4B-00C04F79EFBC}") = "Core", "Core\Core.csproj", "{56414D7D-0B13-4DB9-9D88-31D0EFF00E8D}"
EndProject
Global
	GlobalSection(SolutionConfigurationPlatforms) = preSolution
		Debug|Any CPU = Debug|Any CPU
		Release|Any CPU = Release|Any CPU
	EndGlobalSection
	GlobalSection(ProjectConfigurationPlatforms) = postSolution
		{CE16C2D0-2D47-470D-B803-1C267A42352B}.Debug|Any CPU.ActiveCfg = Debug|Any CPU
		{CE16C2D0-2D47-470D-B803-1C267A42352B}.Debug|Any CPU.Build.0 = Debug|Any CPU
		{CE16C2D0-2D47-470D-B803-1C267A42352B}.Release|Any CPU.ActiveCfg = Release|Any CPU
		{CE16C2D0-2D47-470D-B803-1C267A42352B}.Release|Any CPU.Build.0 = Release|Any CPU
		{4DD8E605-0F1D-45E6-A3D7-40528FCB29D1}.Debug|Any CPU.ActiveCfg = Debug|Any CPU
		{4DD8E605-0F1D-45E6-A3D7-40528FCB29D1}.Debug|Any CPU.Build.0 = Debug|Any CPU
		{4DD8E605-0F1D-45E6-A3D7-40528FCB29D1}.Release|Any CPU.ActiveCfg = Release|Any CPU
		{4DD8E605-0F1D-45E6-A3D7-40528FCB29D1}.Release|Any CPU.Build.0 = Release|Any CPU
		{4A2F0AFE-B91A-4A66-84C5-B5F1274B0BC1}.Debug|Any CPU.ActiveCfg = Debug|Any CPU
		{4A2F0AFE-B91A-4A66-84C5-B5F1274B0BC1}.Debug|Any CPU.Build.0 = Debug|Any CPU
		{4A2F0AFE-B91A-4A66-84C5-B5F1274B0BC1}.Release|Any CPU.ActiveCfg = Release|Any CPU
		{4A2F0AFE-B91A-4A66-84C5-B5F1274B0BC1}.Release|Any CPU.Build.0 = Release|Any CPU
		{A6B16C72-DE10-4A87-91A4-C87E6E950AC0}.Debug|Any CPU.ActiveCfg = Debug|Any CPU
		{A6B16C72-DE10-4A87-91A4-C87E6E950AC0}.Debug|Any CPU.Build.0 = Debug|Any CPU
		{A6B16C72-DE10-4A87-91A4-C87E6E950AC0}.Release|Any CPU.ActiveCfg = Release|Any CPU
		{A6B16C72-DE10-4A87-91A4-C87E6E950AC0}.Release|Any CPU.Build.0 = Release|Any CPU
		{56414D7D-0B13-4DB9-9D88-31D0EFF00E8D}.Debug|Any CPU.ActiveCfg = Debug|Any CPU
		{56414D7D-0B13-4DB9-9D88-31D0EFF00E8D}.Debug|Any CPU.Build.0 = Debug|Any CPU
		{56414D7D-0B13-4DB9-9D88-31D0EFF00E8D}.Release|Any CPU.ActiveCfg = Release|Any CPU
		{56414D7D-0B13-4DB9-9D88-31D0EFF00E8D}.Release|Any CPU.Build.0 = Release|Any CPU
	EndGlobalSection
	GlobalSection(SolutionProperties) = preSolution
		HideSolutionNode = FALSE
	EndGlobalSection
	GlobalSection(ExtensibilityGlobals) = postSolution
		SolutionGuid = {363C5ED2-8C92-4B60-8105-99A97C08B564}
	EndGlobalSection
EndGlobal
